
Microsoft Visual Studio Solution File, Format Version 12.00
# Visual Studio Version 16
VisualStudioVersion = 16.0.29509.3
MinimumVisualStudioVersion = 10.0.40219.1
Project("{9A19103F-16F7-4668-BE54-9A1E7A4F7556}") = "OnlineStore", "OnlineStore\OnlineStore.csproj", "{57EBEF35-8B3C-4374-B5B0-B3BBAD26B8EA}"
EndProject
Project("{9A19103F-16F7-4668-BE54-9A1E7A4F7556}") = "OnlineStore.Models", "OnlineStore.Models\OnlineStore.Models.csproj", "{59997128-BB29-424B-B364-9A390A19FD33}"
EndProject
Project("{9A19103F-16F7-4668-BE54-9A1E7A4F7556}") = "OnlineStore.Services", "OnlineStore.Services\OnlineStore.Services.csproj", "{56AC8435-A49A-4C5A-BA0E-19F832DDC87C}"
EndProject
Global
	GlobalSection(SolutionConfigurationPlatforms) = preSolution
		Debug|Any CPU = Debug|Any CPU
		Release|Any CPU = Release|Any CPU
	EndGlobalSection
	GlobalSection(ProjectConfigurationPlatforms) = postSolution
		{57EBEF35-8B3C-4374-B5B0-B3BBAD26B8EA}.Debug|Any CPU.ActiveCfg = Debug|Any CPU
		{57EBEF35-8B3C-4374-B5B0-B3BBAD26B8EA}.Debug|Any CPU.Build.0 = Debug|Any CPU
		{57EBEF35-8B3C-4374-B5B0-B3BBAD26B8EA}.Release|Any CPU.ActiveCfg = Release|Any CPU
		{57EBEF35-8B3C-4374-B5B0-B3BBAD26B8EA}.Release|Any CPU.Build.0 = Release|Any CPU
		{59997128-BB29-424B-B364-9A390A19FD33}.Debug|Any CPU.ActiveCfg = Debug|Any CPU
		{59997128-BB29-424B-B364-9A390A19FD33}.Debug|Any CPU.Build.0 = Debug|Any CPU
		{59997128-BB29-424B-B364-9A390A19FD33}.Release|Any CPU.ActiveCfg = Release|Any CPU
		{59997128-BB29-424B-B364-9A390A19FD33}.Release|Any CPU.Build.0 = Release|Any CPU
		{56AC8435-A49A-4C5A-BA0E-19F832DDC87C}.Debug|Any CPU.ActiveCfg = Debug|Any CPU
		{56AC8435-A49A-4C5A-BA0E-19F832DDC87C}.Debug|Any CPU.Build.0 = Debug|Any CPU
		{56AC8435-A49A-4C5A-BA0E-19F832DDC87C}.Release|Any CPU.ActiveCfg = Release|Any CPU
		{56AC8435-A49A-4C5A-BA0E-19F832DDC87C}.Release|Any CPU.Build.0 = Release|Any CPU
	EndGlobalSection
	GlobalSection(SolutionProperties) = preSolution
		HideSolutionNode = FALSE
	EndGlobalSection
	GlobalSection(ExtensibilityGlobals) = postSolution
		SolutionGuid = {C1486037-2838-4219-947B-AB8790AA2BCA}
	EndGlobalSection
EndGlobal
